schema_version = "1.0.0"
family = "jankurai"
release = "1.7.0"
source = "repos.manifest.toml"
generated_at = "2026-09-09T02:12:00Z"
source_repo = "root/jankurai"
source_commit = "cea83b0cbe204be276a2f0299cd760f6812ea2b0"

[[repo]]
repo = "jankurai-core"
tag = "jankurai-core-v1.7.0-split.4"
commit = "c94389998a91bc1162d951aa66a10f049b9cbbad"

[[repo]]
repo = "jankurai-contracts"
tag = "ci-7f2f69d6e14d5e165fe039ac0a150c65ec8dda31"
commit = "7f2f69d6e14d5e165fe039ac0a150c65ec8dda31"

[[repo]]
repo = "jankurai-standard"
tag = "ci-3a33ae00af3ce666633108715523e0e21e06699d"
commit = "3a33ae00af3ce666633108715523e0e21e06699d"

[[repo]]
repo = "jankurai-conformance"
tag = "ci-41df4a419e4f1b05846ab5f24f485c9229320a96"
commit = "41df4a419e4f1b05846ab5f24f485c9229320a96"

[[repo]]
repo = "jankurai-paper"
tag = "jankurai-paper-v1.7.0-split.0"
commit = "2d83bb16b9496e047654736692c98ce36dfa8c9a"

[[repo]]
repo = "jankurai-tools-tui"
tag = "ci-eeb2d97089d1a03c2860f2550e3e5b69eb82ce67"
commit = "eeb2d97089d1a03c2860f2550e3e5b69eb82ce67"

[[repo]]
repo = "jankurai-tools-ux"
tag = "ci-2d5e2ea4d8f973408909ca5a4a577ff59041ac2c"
commit = "2d5e2ea4d8f973408909ca5a4a577ff59041ac2c"

[[repo]]
repo = "jankurai-tools-kernel"
tag = "jankurai-tools-kernel-v1.7.0-split.3"
commit = "fbeb4f82aea56082f6631cdce14065c900e04190"

[[repo]]
repo = "jankurai-tools-guard"
tag = "ci-8545f1c0ee7bd4a2fbea2763138bfaae971dc738"
commit = "8545f1c0ee7bd4a2fbea2763138bfaae971dc738"

[[repo]]
repo = "jankurai-tools-proof"
tag = "ci-23e59291e6a0a8f2dd04f152e2a35b9fb1d3b30d"
commit = "23e59291e6a0a8f2dd04f152e2a35b9fb1d3b30d"

[[repo]]
repo = "jankurai-tools-dedup"
tag = "ci-675932e188f0bb0b3a17ab6eab262e49530d19b1"
commit = "675932e188f0bb0b3a17ab6eab262e49530d19b1"

[[repo]]
repo = "jankurai-tools-analyzers"
tag = "ci-5b331b1066b55d5216932300e0cf587729c0ce9f"
commit = "5b331b1066b55d5216932300e0cf587729c0ce9f"

[[repo]]
repo = "jankurai-tools-fleet"
tag = "ci-38bce605214c3da5bd11c110accad4ecfb70f163"
commit = "38bce605214c3da5bd11c110accad4ecfb70f163"

[[repo]]
repo = "jankurai-deploy"
tag = "ci-ad78a6793f18543d2e90b6c66c5bf3af85b85aea"
commit = "ad78a6793f18543d2e90b6c66c5bf3af85b85aea"
