schema_version = "1.0.0"
family = "jankurai"
release = "1.7.0"
source = "repos.manifest.toml"
generated_at = "2026-09-09T04:17:00Z"
source_repo = "root/jankurai"
source_commit = "cea83b0cbe204be276a2f0299cd760f6812ea2b0"

[[repo]]
repo = "jankurai-core"
tag = "ci-5ee1cc84039be93e1f664a3e0a59e27935c8e992"
commit = "5ee1cc84039be93e1f664a3e0a59e27935c8e992"

[[repo]]
repo = "jankurai-contracts"
tag = "ci-3c50e79b2d7580e284d74f79ba5e2014afe0612e"
commit = "3c50e79b2d7580e284d74f79ba5e2014afe0612e"

[[repo]]
repo = "jankurai-standard"
tag = "ci-5d832342525560252f850b592002abfdf2716571"
commit = "5d832342525560252f850b592002abfdf2716571"

[[repo]]
repo = "jankurai-conformance"
tag = "ci-61ffa462f8aa8b0d69bd04223c5b688a535b58ed"
commit = "61ffa462f8aa8b0d69bd04223c5b688a535b58ed"

[[repo]]
repo = "jankurai-paper"
tag = "ci-92215bbd1ddc40553e1cebae00fd9f6f1546cea7"
commit = "92215bbd1ddc40553e1cebae00fd9f6f1546cea7"

[[repo]]
repo = "jankurai-tools-tui"
tag = "ci-d0c9e1d4ce184d2796ffcc1e99f371bb89657212"
commit = "d0c9e1d4ce184d2796ffcc1e99f371bb89657212"

[[repo]]
repo = "jankurai-tools-ux"
tag = "ci-d464f44c0fc6eb15924e1131e7900a213eaef175"
commit = "d464f44c0fc6eb15924e1131e7900a213eaef175"

[[repo]]
repo = "jankurai-tools-kernel"
tag = "ci-55401b34cd39c4f22755f130986d2a5869a5b3d7"
commit = "55401b34cd39c4f22755f130986d2a5869a5b3d7"

[[repo]]
repo = "jankurai-tools-guard"
tag = "ci-ac11dec26907b986c62b1112fc6e781e1e2894c3"
commit = "ac11dec26907b986c62b1112fc6e781e1e2894c3"

[[repo]]
repo = "jankurai-tools-proof"
tag = "ci-dc7a6ffd84866a1572eaeab4c11e4f02028c5176"
commit = "dc7a6ffd84866a1572eaeab4c11e4f02028c5176"

[[repo]]
repo = "jankurai-tools-dedup"
tag = "ci-602b608c59690020eb66a2069f67d33a75b481f1"
commit = "602b608c59690020eb66a2069f67d33a75b481f1"

[[repo]]
repo = "jankurai-tools-analyzers"
tag = "ci-5744da4bb06434fdffecb8c5ec6f1091ff26b460"
commit = "5744da4bb06434fdffecb8c5ec6f1091ff26b460"

[[repo]]
repo = "jankurai-tools-fleet"
tag = "ci-668532cd06f87aec6b677ab061405e51871e57b8"
commit = "668532cd06f87aec6b677ab061405e51871e57b8"

[[repo]]
repo = "jankurai-deploy"
tag = "ci-7c047e7879ab48a0f28a309ac70518159ffc9e81"
commit = "7c047e7879ab48a0f28a309ac70518159ffc9e81"
