schema_version = "1.0.0"
family = "jankurai"
release = "1.7.0-split.0"
source = "repos.manifest.toml"
generated_at = "2026-06-12T20:23:37Z"
source_repo = "root/jankurai"
source_commit = "cea83b0cbe204be276a2f0299cd760f6812ea2b0"

[[repo]]
repo = "jankurai-core"
tag = "jankurai-core-v1.7.0-split.1"
commit = "45dfab3322c5bb1928314a6c71672336e0633a32"
github = "https://github.com/neverhuman/jankurai-core.git"
jeryu = "ssh://git@127.0.0.1:2224/root/jankurai-core.git"

[[repo]]
repo = "jankurai-contracts"
tag = "jankurai-contracts-v1.7.0-split.0"
commit = "b0c8441c10b5dfe14b98506c76c22c56111126a3"
github = "https://github.com/neverhuman/jankurai-contracts.git"
jeryu = "ssh://git@127.0.0.1:2224/root/jankurai-contracts.git"

[[repo]]
repo = "jankurai-standard"
tag = "jankurai-standard-v1.7.0-split.0"
commit = "891f375f1f1950a05568edf9aa9d62ce857ace29"
github = "https://github.com/neverhuman/jankurai-standard.git"
jeryu = "ssh://git@127.0.0.1:2224/root/jankurai-standard.git"

[[repo]]
repo = "jankurai-conformance"
tag = "jankurai-conformance-v1.7.0-split.0"
commit = "3f34261edb4eef057a1f8c2faf67c30078efd6fe"
github = "https://github.com/neverhuman/jankurai-conformance.git"
jeryu = "ssh://git@127.0.0.1:2224/root/jankurai-conformance.git"

[[repo]]
repo = "jankurai-paper"
tag = "jankurai-paper-v1.7.0-split.0"
commit = "2d83bb16b9496e047654736692c98ce36dfa8c9a"
github = "https://github.com/neverhuman/jankurai-paper.git"
jeryu = "ssh://git@127.0.0.1:2224/root/jankurai-paper.git"

[[repo]]
repo = "jankurai-tools-tui"
tag = "jankurai-tools-tui-v1.7.0-split.0"
commit = "2616a7dd86efe14e140c52fba13e1f816880da38"
github = "https://github.com/neverhuman/jankurai-tools-tui.git"
jeryu = "ssh://git@127.0.0.1:2224/root/jankurai-tools-tui.git"

[[repo]]
repo = "jankurai-tools-ux"
tag = "jankurai-tools-ux-v1.7.0-split.0"
commit = "a9fce63b388abcd7c6dabe3574bec3f6a60032ed"
github = "https://github.com/neverhuman/jankurai-tools-ux.git"
jeryu = "ssh://git@127.0.0.1:2224/root/jankurai-tools-ux.git"

[[repo]]
repo = "jankurai-tools-kernel"
tag = "jankurai-tools-kernel-v1.7.0-split.1"
commit = "92511486b87518bad58b04caff3e772c9c72906d"
github = "https://github.com/neverhuman/jankurai-tools-kernel.git"
jeryu = "ssh://git@127.0.0.1:2224/root/jankurai-tools-kernel.git"

[[repo]]
repo = "jankurai-tools-guard"
tag = "jankurai-tools-guard-v1.7.0-split.0"
commit = "618b60a4c7112e354969f3e197041a5d6d17a732"
github = "https://github.com/neverhuman/jankurai-tools-guard.git"
jeryu = "ssh://git@127.0.0.1:2224/root/jankurai-tools-guard.git"

[[repo]]
repo = "jankurai-tools-proof"
tag = "jankurai-tools-proof-v1.7.0-split.0"
commit = "de90586b48fbeafd1e3de8dd8d01e3cc348cda7f"
github = "https://github.com/neverhuman/jankurai-tools-proof.git"
jeryu = "ssh://git@127.0.0.1:2224/root/jankurai-tools-proof.git"

[[repo]]
repo = "jankurai-tools-dedup"
tag = "jankurai-tools-dedup-v1.7.0-split.2"
commit = "06186a1166a1df03d8bd460c34502bb9eb907eb8"
github = "https://github.com/neverhuman/jankurai-tools-dedup.git"
jeryu = "ssh://git@127.0.0.1:2224/root/jankurai-tools-dedup.git"

[[repo]]
repo = "jankurai-tools-analyzers"
tag = "jankurai-tools-analyzers-v1.7.0-split.3"
commit = "f511019045d83023ca0af83b81a2f0bc018405e7"
github = "https://github.com/neverhuman/jankurai-tools-analyzers.git"
jeryu = "ssh://git@127.0.0.1:2224/root/jankurai-tools-analyzers.git"

[[repo]]
repo = "jankurai-tools-fleet"
tag = "jankurai-tools-fleet-v1.7.0-split.2"
commit = "984c509f0172fdc14aeee27208074cfd17b7f487"
github = "https://github.com/neverhuman/jankurai-tools-fleet.git"
jeryu = "ssh://git@127.0.0.1:2224/root/jankurai-tools-fleet.git"

[[repo]]
repo = "jankurai-deploy"
tag = "jankurai-deploy-v1.7.0-split.0"
commit = "cbdae8cf97fb23dffd0c551097f257d52b1ff0b5"
github = "https://github.com/neverhuman/jankurai-deploy.git"
jeryu = "ssh://git@127.0.0.1:2224/root/jankurai-deploy.git"
